
Microsoft Visual Studio Solution File, Format Version 12.00
# Visual Studio Version 16
VisualStudioVersion = 16.0.31613.86
MinimumVisualStudioVersion = 10.0.40219.1
Project("{FAE04EC0-301F-11D3-BF4B-00C04F79EFBC}") = "API_GroupDetail", "API_GroupDetail\API_GroupDetail.csproj", "{58D94815-8CC6-4FD6-A313-737168D4B54B}"
EndProject
Global
	GlobalSection(SolutionConfigurationPlatforms) = preSolution
		Debug|Any CPU = Debug|Any CPU
		Release|Any CPU = Release|Any CPU
	EndGlobalSection
	GlobalSection(ProjectConfigurationPlatforms) = postSolution
		{58D94815-8CC6-4FD6-A313-737168D4B54B}.Debug|Any CPU.ActiveCfg = Debug|Any CPU
		{58D94815-8CC6-4FD6-A313-737168D4B54B}.Debug|Any CPU.Build.0 = Debug|Any CPU
		{58D94815-8CC6-4FD6-A313-737168D4B54B}.Release|Any CPU.ActiveCfg = Release|Any CPU
		{58D94815-8CC6-4FD6-A313-737168D4B54B}.Release|Any CPU.Build.0 = Release|Any CPU
	EndGlobalSection
	GlobalSection(SolutionProperties) = preSolution
		HideSolutionNode = FALSE
	EndGlobalSection
	GlobalSection(ExtensibilityGlobals) = postSolution
		SolutionGuid = {16D8A949-22AE-48FB-B51A-B1CF6CF700CF}
	EndGlobalSection
EndGlobal
